
Microsoft Visual Studio Solution File, Format Version 12.00
# Visual Studio Version 17
VisualStudioVersion = 17.7.34003.232
MinimumVisualStudioVersion = 10.0.40219.1
Project("{8BC9CEB8-8B4A-11D0-8D11-00A0C91BC942}") = "Pointer", "Pointer.vcxproj", "{B9C1CC89-6A7D-4A19-BE16-912416DCE9B2}"
EndProject
Project("{2150E333-8FDC-42A3-9474-1A3956D46DE8}") = "Ch2", "Ch2", "{1C6B6757-7005-4CC3-A9A1-ED4A5D12ED96}"
EndProject
Project("{8BC9CEB8-8B4A-11D0-8D11-00A0C91BC942}") = "Ch2", "..\Ch2\Ch2.vcxproj", "{C66D2865-2DA0-4BD1-BF27-2C4F74C7F46D}"
EndProject
Project("{2150E333-8FDC-42A3-9474-1A3956D46DE8}") = "Input", "Input", "{D628E300-40AF-4FC8-87B6-EF8206920BFF}"
EndProject
Project("{8BC9CEB8-8B4A-11D0-8D11-00A0C91BC942}") = "PlayerInput", "..\PlayerInput\PlayerInput.vcxproj", "{B3CBA3FC-6E3F-4409-B849-CADF163DE29C}"
EndProject
Project("{2150E333-8FDC-42A3-9474-1A3956D46DE8}") = "Ch3", "Ch3", "{3A4A8136-770E-47A1-B3F6-E48C96C9FDD1}"
EndProject
Project("{8BC9CEB8-8B4A-11D0-8D11-00A0C91BC942}") = "Ch3", "..\Ch3\Ch3.vcxproj", "{2D6D81DD-3733-475B-9F5A-1F03D95EE247}"
EndProject
Project("{2150E333-8FDC-42A3-9474-1A3956D46DE8}") = "Ch4", "Ch4", "{4851A328-3FF6-4D44-B718-D1F2D4353012}"
EndProject
Project("{8BC9CEB8-8B4A-11D0-8D11-00A0C91BC942}") = "Ch4", "..\Ch4\Ch4.vcxproj", "{690C602E-3413-4481-834B-D35AB76D19EC}"
EndProject
Project("{2150E333-8FDC-42A3-9474-1A3956D46DE8}") = "Ch5", "Ch5", "{7F549FAE-854A-450D-AD33-41E35C0E800D}"
EndProject
Project("{8BC9CEB8-8B4A-11D0-8D11-00A0C91BC942}") = "Ch5", "..\Ch5\Ch5.vcxproj", "{2B8B844D-ED8F-4C94-B609-C94F5D9CC2E7}"
EndProject
Project("{2150E333-8FDC-42A3-9474-1A3956D46DE8}") = "Ch6", "Ch6", "{07FA42CF-65FF-4CF1-8544-F83C41ECD6EB}"
EndProject
Project("{8BC9CEB8-8B4A-11D0-8D11-00A0C91BC942}") = "Ch6", "..\Ch6\Ch6.vcxproj", "{FB513FAD-097D-42DC-849A-BF98C5D62AF9}"
EndProject
Project("{2150E333-8FDC-42A3-9474-1A3956D46DE8}") = "Ch7", "Ch7", "{510885D1-A80D-47BD-9C5B-B90AEB96E362}"
EndProject
Project("{8BC9CEB8-8B4A-11D0-8D11-00A0C91BC942}") = "Ch7", "..\Ch7\Ch7.vcxproj", "{918FAC9F-02A4-4640-9291-102C31E709F9}"
EndProject
Project("{2150E333-8FDC-42A3-9474-1A3956D46DE8}") = "Ch8", "Ch8", "{F254F921-7CDD-4D91-820B-347ECE260183}"
EndProject
Project("{8BC9CEB8-8B4A-11D0-8D11-00A0C91BC942}") = "Ch8", "..\Ch8\Ch8.vcxproj", "{EB7C71C8-A2A2-4C91-AE4E-D6A91BF44078}"
EndProject
Project("{2150E333-8FDC-42A3-9474-1A3956D46DE8}") = "Ch9", "Ch9", "{90A3896F-80B3-42D8-9772-30BD4278B69B}"
EndProject
Project("{8BC9CEB8-8B4A-11D0-8D11-00A0C91BC942}") = "Ch9", "..\Ch9\Ch9.vcxproj", "{56619EDC-C6FC-48FD-82A8-7E0E7C697C10}"
EndProject
Project("{2150E333-8FDC-42A3-9474-1A3956D46DE8}") = "Ch10", "Ch10", "{589585F3-E624-4706-B5D1-50B00625B469}"
EndProject
Project("{8BC9CEB8-8B4A-11D0-8D11-00A0C91BC942}") = "Ch10", "..\Ch10\Ch10.vcxproj", "{F59AE2E0-A3D0-4370-9245-1680452EA4F9}"
EndProject
Project("{2150E333-8FDC-42A3-9474-1A3956D46DE8}") = "Ch11", "Ch11", "{1954FA23-3762-48A4-BAAF-B3212EB71CE4}"
EndProject
Project("{8BC9CEB8-8B4A-11D0-8D11-00A0C91BC942}") = "Ch11", "..\Ch11\Ch11.vcxproj", "{3314A9E0-687E-4555-BB6A-39B10F3E51E3}"
EndProject
Project("{2150E333-8FDC-42A3-9474-1A3956D46DE8}") = "Ch12", "Ch12", "{AB11EDD8-D6B1-4376-9751-6EFD33FFAD55}"
EndProject
Project("{8BC9CEB8-8B4A-11D0-8D11-00A0C91BC942}") = "Ch12", "..\Ch12\Ch12.vcxproj", "{4C41D192-10FD-46D9-B6D6-F250323C0EAB}"
EndProject
Project("{2150E333-8FDC-42A3-9474-1A3956D46DE8}") = "Ch13", "Ch13", "{AB23E6AE-00BA-4537-8641-E875BA6B2016}"
EndProject
Project("{8BC9CEB8-8B4A-11D0-8D11-00A0C91BC942}") = "Ch13", "..\Ch13\Ch13.vcxproj", "{530806AD-41E6-4802-9F27-246CF5785249}"
EndProject
Global
	GlobalSection(SolutionConfigurationPlatforms) = preSolution
		Debug|x64 = Debug|x64
		Debug|x86 = Debug|x86
		Release|x64 = Release|x64
		Release|x86 = Release|x86
	EndGlobalSection
	GlobalSection(ProjectConfigurationPlatforms) = postSolution
		{B9C1CC89-6A7D-4A19-BE16-912416DCE9B2}.Debug|x64.ActiveCfg = Debug|x64
		{B9C1CC89-6A7D-4A19-BE16-912416DCE9B2}.Debug|x64.Build.0 = Debug|x64
		{B9C1CC89-6A7D-4A19-BE16-912416DCE9B2}.Debug|x86.ActiveCfg = Debug|Win32
		{B9C1CC89-6A7D-4A19-BE16-912416DCE9B2}.Debug|x86.Build.0 = Debug|Win32
		{B9C1CC89-6A7D-4A19-BE16-912416DCE9B2}.Release|x64.ActiveCfg = Release|x64
		{B9C1CC89-6A7D-4A19-BE16-912416DCE9B2}.Release|x64.Build.0 = Release|x64
		{B9C1CC89-6A7D-4A19-BE16-912416DCE9B2}.Release|x86.ActiveCfg = Release|Win32
		{B9C1CC89-6A7D-4A19-BE16-912416DCE9B2}.Release|x86.Build.0 = Release|Win32
		{C66D2865-2DA0-4BD1-BF27-2C4F74C7F46D}.Debug|x64.ActiveCfg = Debug|x64
		{C66D2865-2DA0-4BD1-BF27-2C4F74C7F46D}.Debug|x64.Build.0 = Debug|x64
		{C66D2865-2DA0-4BD1-BF27-2C4F74C7F46D}.Debug|x86.ActiveCfg = Debug|Win32
		{C66D2865-2DA0-4BD1-BF27-2C4F74C7F46D}.Debug|x86.Build.0 = Debug|Win32
		{C66D2865-2DA0-4BD1-BF27-2C4F74C7F46D}.Release|x64.ActiveCfg = Release|x64
		{C66D2865-2DA0-4BD1-BF27-2C4F74C7F46D}.Release|x64.Build.0 = Release|x64
		{C66D2865-2DA0-4BD1-BF27-2C4F74C7F46D}.Release|x86.ActiveCfg = Release|Win32
		{C66D2865-2DA0-4BD1-BF27-2C4F74C7F46D}.Release|x86.Build.0 = Release|Win32
		{B3CBA3FC-6E3F-4409-B849-CADF163DE29C}.Debug|x64.ActiveCfg = Debug|x64
		{B3CBA3FC-6E3F-4409-B849-CADF163DE29C}.Debug|x64.Build.0 = Debug|x64
		{B3CBA3FC-6E3F-4409-B849-CADF163DE29C}.Debug|x86.ActiveCfg = Debug|Win32
		{B3CBA3FC-6E3F-4409-B849-CADF163DE29C}.Debug|x86.Build.0 = Debug|Win32
		{B3CBA3FC-6E3F-4409-B849-CADF163DE29C}.Release|x64.ActiveCfg = Release|x64
		{B3CBA3FC-6E3F-4409-B849-CADF163DE29C}.Release|x64.Build.0 = Release|x64
		{B3CBA3FC-6E3F-4409-B849-CADF163DE29C}.Release|x86.ActiveCfg = Release|Win32
		{B3CBA3FC-6E3F-4409-B849-CADF163DE29C}.Release|x86.Build.0 = Release|Win32
		{2D6D81DD-3733-475B-9F5A-1F03D95EE247}.Debug|x64.ActiveCfg = Debug|x64
		{2D6D81DD-3733-475B-9F5A-1F03D95EE247}.Debug|x64.Build.0 = Debug|x64
		{2D6D81DD-3733-475B-9F5A-1F03D95EE247}.Debug|x86.ActiveCfg = Debug|Win32
		{2D6D81DD-3733-475B-9F5A-1F03D95EE247}.Debug|x86.Build.0 = Debug|Win32
		{2D6D81DD-3733-475B-9F5A-1F03D95EE247}.Release|x64.ActiveCfg = Release|x64
		{2D6D81DD-3733-475B-9F5A-1F03D95EE247}.Release|x64.Build.0 = Release|x64
		{2D6D81DD-3733-475B-9F5A-1F03D95EE247}.Release|x86.ActiveCfg = Release|Win32
		{2D6D81DD-3733-475B-9F5A-1F03D95EE247}.Release|x86.Build.0 = Release|Win32
		{690C602E-3413-4481-834B-D35AB76D19EC}.Debug|x64.ActiveCfg = Debug|x64
		{690C602E-3413-4481-834B-D35AB76D19EC}.Debug|x64.Build.0 = Debug|x64
		{690C602E-3413-4481-834B-D35AB76D19EC}.Debug|x86.ActiveCfg = Debug|Win32
		{690C602E-3413-4481-834B-D35AB76D19EC}.Debug|x86.Build.0 = Debug|Win32
		{690C602E-3413-4481-834B-D35AB76D19EC}.Release|x64.ActiveCfg = Release|x64
		{690C602E-3413-4481-834B-D35AB76D19EC}.Release|x64.Build.0 = Release|x64
		{690C602E-3413-4481-834B-D35AB76D19EC}.Release|x86.ActiveCfg = Release|Win32
		{690C602E-3413-4481-834B-D35AB76D19EC}.Release|x86.Build.0 = Release|Win32
		{2B8B844D-ED8F-4C94-B609-C94F5D9CC2E7}.Debug|x64.ActiveCfg = Debug|x64
		{2B8B844D-ED8F-4C94-B609-C94F5D9CC2E7}.Debug|x64.Build.0 = Debug|x64
		{2B8B844D-ED8F-4C94-B609-C94F5D9CC2E7}.Debug|x86.ActiveCfg = Debug|Win32
		{2B8B844D-ED8F-4C94-B609-C94F5D9CC2E7}.Debug|x86.Build.0 = Debug|Win32
		{2B8B844D-ED8F-4C94-B609-C94F5D9CC2E7}.Release|x64.ActiveCfg = Release|x64
		{2B8B844D-ED8F-4C94-B609-C94F5D9CC2E7}.Release|x64.Build.0 = Release|x64
		{2B8B844D-ED8F-4C94-B609-C94F5D9CC2E7}.Release|x86.ActiveCfg = Release|Win32
		{2B8B844D-ED8F-4C94-B609-C94F5D9CC2E7}.Release|x86.Build.0 = Release|Win32
		{FB513FAD-097D-42DC-849A-BF98C5D62AF9}.Debug|x64.ActiveCfg = Debug|x64
		{FB513FAD-097D-42DC-849A-BF98C5D62AF9}.Debug|x64.Build.0 = Debug|x64
		{FB513FAD-097D-42DC-849A-BF98C5D62AF9}.Debug|x86.ActiveCfg = Debug|Win32
		{FB513FAD-097D-42DC-849A-BF98C5D62AF9}.Debug|x86.Build.0 = Debug|Win32
		{FB513FAD-097D-42DC-849A-BF98C5D62AF9}.Release|x64.ActiveCfg = Release|x64
		{FB513FAD-097D-42DC-849A-BF98C5D62AF9}.Release|x64.Build.0 = Release|x64
		{FB513FAD-097D-42DC-849A-BF98C5D62AF9}.Release|x86.ActiveCfg = Release|Win32
		{FB513FAD-097D-42DC-849A-BF98C5D62AF9}.Release|x86.Build.0 = Release|Win32
		{918FAC9F-02A4-4640-9291-102C31E709F9}.Debug|x64.ActiveCfg = Debug|x64
		{918FAC9F-02A4-4640-9291-102C31E709F9}.Debug|x64.Build.0 = Debug|x64
		{918FAC9F-02A4-4640-9291-102C31E709F9}.Debug|x86.ActiveCfg = Debug|Win32
		{918FAC9F-02A4-4640-9291-102C31E709F9}.Debug|x86.Build.0 = Debug|Win32
		{918FAC9F-02A4-4640-9291-102C31E709F9}.Release|x64.ActiveCfg = Release|x64
		{918FAC9F-02A4-4640-9291-102C31E709F9}.Release|x64.Build.0 = Release|x64
		{918FAC9F-02A4-4640-9291-102C31E709F9}.Release|x86.ActiveCfg = Release|Win32
		{918FAC9F-02A4-4640-9291-102C31E709F9}.Release|x86.Build.0 = Release|Win32
		{EB7C71C8-A2A2-4C91-AE4E-D6A91BF44078}.Debug|x64.ActiveCfg = Debug|x64
		{EB7C71C8-A2A2-4C91-AE4E-D6A91BF44078}.Debug|x64.Build.0 = Debug|x64
		{EB7C71C8-A2A2-4C91-AE4E-D6A91BF44078}.Debug|x86.ActiveCfg = Debug|Win32
		{EB7C71C8-A2A2-4C91-AE4E-D6A91BF44078}.Debug|x86.Build.0 = Debug|Win32
		{EB7C71C8-A2A2-4C91-AE4E-D6A91BF44078}.Release|x64.ActiveCfg = Release|x64
		{EB7C71C8-A2A2-4C91-AE4E-D6A91BF44078}.Release|x64.Build.0 = Release|x64
		{EB7C71C8-A2A2-4C91-AE4E-D6A91BF44078}.Release|x86.ActiveCfg = Release|Win32
		{EB7C71C8-A2A2-4C91-AE4E-D6A91BF44078}.Release|x86.Build.0 = Release|Win32
		{56619EDC-C6FC-48FD-82A8-7E0E7C697C10}.Debug|x64.ActiveCfg = Debug|x64
		{56619EDC-C6FC-48FD-82A8-7E0E7C697C10}.Debug|x64.Build.0 = Debug|x64
		{56619EDC-C6FC-48FD-82A8-7E0E7C697C10}.Debug|x86.ActiveCfg = Debug|Win32
		{56619EDC-C6FC-48FD-82A8-7E0E7C697C10}.Debug|x86.Build.0 = Debug|Win32
		{56619EDC-C6FC-48FD-82A8-7E0E7C697C10}.Release|x64.ActiveCfg = Release|x64
		{56619EDC-C6FC-48FD-82A8-7E0E7C697C10}.Release|x64.Build.0 = Release|x64
		{56619EDC-C6FC-48FD-82A8-7E0E7C697C10}.Release|x86.ActiveCfg = Release|Win32
		{56619EDC-C6FC-48FD-82A8-7E0E7C697C10}.Release|x86.Build.0 = Release|Win32
		{F59AE2E0-A3D0-4370-9245-1680452EA4F9}.Debug|x64.ActiveCfg = Debug|x64
		{F59AE2E0-A3D0-4370-9245-1680452EA4F9}.Debug|x64.Build.0 = Debug|x64
		{F59AE2E0-A3D0-4370-9245-1680452EA4F9}.Debug|x86.ActiveCfg = Debug|Win32
		{F59AE2E0-A3D0-4370-9245-1680452EA4F9}.Debug|x86.Build.0 = Debug|Win32
		{F59AE2E0-A3D0-4370-9245-1680452EA4F9}.Release|x64.ActiveCfg = Release|x64
		{F59AE2E0-A3D0-4370-9245-1680452EA4F9}.Release|x64.Build.0 = Release|x64
		{F59AE2E0-A3D0-4370-9245-1680452EA4F9}.Release|x86.ActiveCfg = Release|Win32
		{F59AE2E0-A3D0-4370-9245-1680452EA4F9}.Release|x86.Build.0 = Release|Win32
		{3314A9E0-687E-4555-BB6A-39B10F3E51E3}.Debug|x64.ActiveCfg = Debug|x64
		{3314A9E0-687E-4555-BB6A-39B10F3E51E3}.Debug|x64.Build.0 = Debug|x64
		{3314A9E0-687E-4555-BB6A-39B10F3E51E3}.Debug|x86.ActiveCfg = Debug|Win32
		{3314A9E0-687E-4555-BB6A-39B10F3E51E3}.Debug|x86.Build.0 = Debug|Win32
		{3314A9E0-687E-4555-BB6A-39B10F3E51E3}.Release|x64.ActiveCfg = Release|x64
		{3314A9E0-687E-4555-BB6A-39B10F3E51E3}.Release|x64.Build.0 = Release|x64
		{3314A9E0-687E-4555-BB6A-39B10F3E51E3}.Release|x86.ActiveCfg = Release|Win32
		{3314A9E0-687E-4555-BB6A-39B10F3E51E3}.Release|x86.Build.0 = Release|Win32
		{4C41D192-10FD-46D9-B6D6-F250323C0EAB}.Debug|x64.ActiveCfg = Debug|x64
		{4C41D192-10FD-46D9-B6D6-F250323C0EAB}.Debug|x64.Build.0 = Debug|x64
		{4C41D192-10FD-46D9-B6D6-F250323C0EAB}.Debug|x86.ActiveCfg = Debug|Win32
		{4C41D192-10FD-46D9-B6D6-F250323C0EAB}.Debug|x86.Build.0 = Debug|Win32
		{4C41D192-10FD-46D9-B6D6-F250323C0EAB}.Release|x64.ActiveCfg = Release|x64
		{4C41D192-10FD-46D9-B6D6-F250323C0EAB}.Release|x64.Build.0 = Release|x64
		{4C41D192-10FD-46D9-B6D6-F250323C0EAB}.Release|x86.ActiveCfg = Release|Win32
		{4C41D192-10FD-46D9-B6D6-F250323C0EAB}.Release|x86.Build.0 = Release|Win32
		{530806AD-41E6-4802-9F27-246CF5785249}.Debug|x64.ActiveCfg = Debug|x64
		{530806AD-41E6-4802-9F27-246CF5785249}.Debug|x64.Build.0 = Debug|x64
		{530806AD-41E6-4802-9F27-246CF5785249}.Debug|x86.ActiveCfg = Debug|Win32
		{530806AD-41E6-4802-9F27-246CF5785249}.Debug|x86.Build.0 = Debug|Win32
		{530806AD-41E6-4802-9F27-246CF5785249}.Release|x64.ActiveCfg = Release|x64
		{530806AD-41E6-4802-9F27-246CF5785249}.Release|x64.Build.0 = Release|x64
		{530806AD-41E6-4802-9F27-246CF5785249}.Release|x86.ActiveCfg = Release|Win32
		{530806AD-41E6-4802-9F27-246CF5785249}.Release|x86.Build.0 = Release|Win32
	EndGlobalSection
	GlobalSection(SolutionProperties) = preSolution
		HideSolutionNode = FALSE
	EndGlobalSection
	GlobalSection(NestedProjects) = preSolution
		{C66D2865-2DA0-4BD1-BF27-2C4F74C7F46D} = {1C6B6757-7005-4CC3-A9A1-ED4A5D12ED96}
		{B3CBA3FC-6E3F-4409-B849-CADF163DE29C} = {D628E300-40AF-4FC8-87B6-EF8206920BFF}
		{2D6D81DD-3733-475B-9F5A-1F03D95EE247} = {3A4A8136-770E-47A1-B3F6-E48C96C9FDD1}
		{690C602E-3413-4481-834B-D35AB76D19EC} = {4851A328-3FF6-4D44-B718-D1F2D4353012}
		{2B8B844D-ED8F-4C94-B609-C94F5D9CC2E7} = {7F549FAE-854A-450D-AD33-41E35C0E800D}
		{FB513FAD-097D-42DC-849A-BF98C5D62AF9} = {07FA42CF-65FF-4CF1-8544-F83C41ECD6EB}
		{918FAC9F-02A4-4640-9291-102C31E709F9} = {510885D1-A80D-47BD-9C5B-B90AEB96E362}
		{EB7C71C8-A2A2-4C91-AE4E-D6A91BF44078} = {F254F921-7CDD-4D91-820B-347ECE260183}
		{56619EDC-C6FC-48FD-82A8-7E0E7C697C10} = {90A3896F-80B3-42D8-9772-30BD4278B69B}
		{F59AE2E0-A3D0-4370-9245-1680452EA4F9} = {589585F3-E624-4706-B5D1-50B00625B469}
		{3314A9E0-687E-4555-BB6A-39B10F3E51E3} = {1954FA23-3762-48A4-BAAF-B3212EB71CE4}
		{4C41D192-10FD-46D9-B6D6-F250323C0EAB} = {AB11EDD8-D6B1-4376-9751-6EFD33FFAD55}
		{530806AD-41E6-4802-9F27-246CF5785249} = {AB23E6AE-00BA-4537-8641-E875BA6B2016}
	EndGlobalSection
	GlobalSection(ExtensibilityGlobals) = postSolution
		SolutionGuid = {07291F93-C20A-4E35-8973-4B29F36FD1E5}
	EndGlobalSection
EndGlobal
